# This file is automatically @generated by Cargo.
# It is not intended for manual editing.
version = 4

[[package]]
name = "runfiles"
version = "0.1.0"
source = "registry+https://github.com/rust-lang/crates.io-index"
checksum = "b966e2656ad15fd22e76d2bcb8b7f88e5cb2ee5071539b19aa751423169f35e0"

[[package]]
name = "scaffold_test_6308"
version = "0.1.0"
dependencies = [
 "runfiles",
]
